{
  "nodes": {
    "nixpkgs": {
      "locked": {
        "lastModified": 1654876919,
        "narHash": "sha256-tmG2glgRoFEyQojQ2/QKPbZY96l6VCoTcSxs/CPITYw=",
        "owner": "nixos",
        "repo": "nixpkgs",
        "rev": "c4182b8047a24630c9ef7dddf09bfb40ec2149cd",
        "type": "github"
      },
      "original": {
        "owner": "nixos",
        "repo": "nixpkgs",
        "type": "github"
      }
    },
    "root": {
      "inputs": {
        "nixpkgs": "nixpkgs"
      }
    }
  },
  "root": "root",
  "version": 7
}
