{
  "nodes": {
    "nixpkgs": {
      "locked": {
        "lastModified": 1647808254,
        "narHash": "sha256-yajQF+iTkFdvorc/OsEgC1+HLPT/uwLYE4ds8HAURkA=",
        "owner": "nixos",
        "repo": "nixpkgs",
        "rev": "e2f381b2f1879ad6d68be5a9e9e6e3288529bfaf",
        "type": "github"
      },
      "original": {
        "owner": "nixos",
        "repo": "nixpkgs",
        "type": "github"
      }
    },
    "root": {
      "inputs": {
        "nixpkgs": "nixpkgs"
      }
    }
  },
  "root": "root",
  "version": 7
}
